// !$*UTF8*$!
{
	archiveVersion = 1;
	classes = {
	};
	objectVersion = 50;
	objects = {

/* Begin PBXBuildFile section */
		DB043C6A20C6311300444BD2 /* AppDelegate.swift in Sources */ = {isa = PBXBuildFile; fileRef = DB043C6920C6311300444BD2 /* AppDelegate.swift */; };
		DB043C6C20C6311300444BD2 /* ViewController.swift in Sources */ = {isa = PBXBuildFile; fileRef = DB043C6B20C6311300444BD2 /* ViewController.swift */; };
		DB043C6F20C6311300444BD2 /* Main.storyboard in Resources */ = {isa = PBXBuildFile; fileRef = DB043C6D20C6311300444BD2 /* Main.storyboard */; };
		DB043C7120C6312800444BD2 /* Assets.xcassets in Resources */ = {isa = PBXBuildFile; fileRef = DB043C7020C6312800444BD2 /* Assets.xcassets */; };
		DB043C7420C6312800444BD2 /* LaunchScreen.storyboard in Resources */ = {isa = PBXBuildFile; fileRef = DB043C7220C6312800444BD2 /* LaunchScreen.storyboard */; };
		DB043C7E20C631F400444BD2 /* Intents.framework in Frameworks */ = {isa = PBXBuildFile; fileRef = DB043C7C20C631F400444BD2 /* Intents.framework */; };
		DB043C7F20C631F400444BD2 /* IntentsUI.framework in Frameworks */ = {isa = PBXBuildFile; fileRef = DB043C7D20C631F400444BD2 /* IntentsUI.framework */; };
/* End PBXBuildFile section */

/* Begin PBXFileReference section */
		DB043C6620C6311300444BD2 /* SiriShortcuts.app */ = {isa = PBXFileReference; explicitFileType = wrapper.application; includeInIndex = 0; path = SiriShortcuts.app; sourceTree = BUILT_PRODUCTS_DIR; };
		DB043C6920C6311300444BD2 /* AppDelegate.swift */ = {isa = PBXFileReference; lastKnownFileType = sourcecode.swift; path = AppDelegate.swift; sourceTree = "<group>"; };
		DB043C6B20C6311300444BD2 /* ViewController.swift */ = {isa = PBXFileReference; lastKnownFileType = sourcecode.swift; path = ViewController.swift; sourceTree = "<group>"; };
		DB043C6E20C6311300444BD2 /* Base */ = {isa = PBXFileReference; lastKnownFileType = file.storyboard; name = Base; path = Base.lproj/Main.storyboard; sourceTree = "<group>"; };
		DB043C7020C6312800444BD2 /* Assets.xcassets */ = {isa = PBXFileReference; lastKnownFileType = folder.assetcatalog; path = Assets.xcassets; sourceTree = "<group>"; };
		DB043C7320C6312800444BD2 /* Base */ = {isa = PBXFileReference; lastKnownFileType = file.storyboard; name = Base; path = Base.lproj/LaunchScreen.storyboard; sourceTree = "<group>"; };
		DB043C7520C6312800444BD2 /* Info.plist */ = {isa = PBXFileReference; lastKnownFileType = text.plist.xml; path = Info.plist; sourceTree = "<group>"; };
		DB043C7C20C631F400444BD2 /* Intents.framework */ = {isa = PBXFileReference; lastKnownFileType = wrapper.framework; name = Intents.framework; path = System/Library/Frameworks/Intents.framework; sourceTree = SDKROOT; };
		DB043C7D20C631F400444BD2 /* IntentsUI.framework */ = {isa = PBXFileReference; lastKnownFileType = wrapper.framework; name = IntentsUI.framework; path = System/Library/Frameworks/IntentsUI.framework; sourceTree = SDKROOT; };
/* End PBXFileReference section */

/* Begin PBXFrameworksBuildPhase section */
		DB043C6320C6311300444BD2 /* Frameworks */ = {
			isa = PBXFrameworksBuildPhase;
			buildActionMask = 2147483647;
			files = (
				DB043C7E20C631F400444BD2 /* Intents.framework in Frameworks */,
				DB043C7F20C631F400444BD2 /* IntentsUI.framework in Frameworks */,
			);
			runOnlyForDeploymentPostprocessing = 0;
		};
/* End PBXFrameworksBuildPhase section */

/* Begin PBXGroup section */
		DB043C5D20C6311300444BD2 = {
			isa = PBXGroup;
			children = (
				DB043C6820C6311300444BD2 /* SiriShortcuts */,
				DB043C6720C6311300444BD2 /* Products */,
				DB043C7B20C631F400444BD2 /* Frameworks */,
			);
			sourceTree = "<group>";
		};
		DB043C6720C6311300444BD2 /* Products */ = {
			isa = PBXGroup;
			children = (
				DB043C6620C6311300444BD2 /* SiriShortcuts.app */,
			);
			name = Products;
			sourceTree = "<group>";
		};
		DB043C6820C6311300444BD2 /* SiriShortcuts */ = {
			isa = PBXGroup;
			children = (
				DB043C6920C6311300444BD2 /* AppDelegate.swift */,
				DB043C6B20C6311300444BD2 /* ViewController.swift */,
				DB043C6D20C6311300444BD2 /* Main.storyboard */,
				DB043C7020C6312800444BD2 /* Assets.xcassets */,
				DB043C7220C6312800444BD2 /* LaunchScreen.storyboard */,
				DB043C7520C6312800444BD2 /* Info.plist */,
			);
			path = SiriShortcuts;
			sourceTree = "<group>";
		};
		DB043C7B20C631F400444BD2 /* Frameworks */ = {
			isa = PBXGroup;
			children = (
				DB043C7C20C631F400444BD2 /* Intents.framework */,
				DB043C7D20C631F400444BD2 /* IntentsUI.framework */,
			);
			name = Frameworks;
			sourceTree = "<group>";
		};
/* End PBXGroup section */

/* Begin PBXNativeTarget section */
		DB043C6520C6311300444BD2 /* SiriShortcuts */ = {
			isa = PBXNativeTarget;
			buildConfigurationList = DB043C7820C6312800444BD2 /* Build configuration list for PBXNativeTarget "SiriShortcuts" */;
			buildPhases = (
				DB043C6220C6311300444BD2 /* Sources */,
				DB043C6320C6311300444BD2 /* Frameworks */,
				DB043C6420C6311300444BD2 /* Resources */,
			);
			buildRules = (
			);
			dependencies = (
			);
			name = SiriShortcuts;
			productName = SiriShortcuts;
			productReference = DB043C6620C6311300444BD2 /* SiriShortcuts.app */;
			productType = "com.apple.product-type.application";
		};
/* End PBXNativeTarget section */

/* Begin PBXProject section */
		DB043C5E20C6311300444BD2 /* Project object */ = {
			isa = PBXProject;
			attributes = {
				LastSwiftUpdateCheck = 1000;
				LastUpgradeCheck = 1000;
				ORGANIZATIONNAME = "Hans Knöchel";
				TargetAttributes = {
					DB043C6520C6311300444BD2 = {
						CreatedOnToolsVersion = 10.0;
					};
				};
			};
			buildConfigurationList = DB043C6120C6311300444BD2 /* Build configuration list for PBXProject "SiriShortcuts" */;
			compatibilityVersion = "Xcode 9.3";
			developmentRegion = en;
			hasScannedForEncodings = 0;
			knownRegions = (
				en,
				Base,
			);
			mainGroup = DB043C5D20C6311300444BD2;
			productRefGroup = DB043C6720C6311300444BD2 /* Products */;
			projectDirPath = "";
			projectRoot = "";
			targets = (
				DB043C6520C6311300444BD2 /* SiriShortcuts */,
			);
		};
/* End PBXProject section */

/* Begin PBXResourcesBuildPhase section */
		DB043C6420C6311300444BD2 /* Resources */ = {
			isa = PBXResourcesBuildPhase;
			buildActionMask = 2147483647;
			files = (
				DB043C7420C6312800444BD2 /* LaunchScreen.storyboard in Resources */,
				DB043C7120C6312800444BD2 /* Assets.xcassets in Resources */,
				DB043C6F20C6311300444BD2 /* Main.storyboard in Resources */,
			);
			runOnlyForDeploymentPostprocessing = 0;
		};
/* End PBXResourcesBuildPhase section */

/* Begin PBXSourcesBuildPhase section */
		DB043C6220C6311300444BD2 /* Sources */ = {
			isa = PBXSourcesBuildPhase;
			buildActionMask = 2147483647;
			files = (
				DB043C6C20C6311300444BD2 /* ViewController.swift in Sources */,
				DB043C6A20C6311300444BD2 /* AppDelegate.swift in Sources */,
			);
			runOnlyForDeploymentPostprocessing = 0;
		};
/* End PBXSourcesBuildPhase section */

/* Begin PBXVariantGroup section */
		DB043C6D20C6311300444BD2 /* Main.storyboard */ = {
			isa = PBXVariantGroup;
			children = (
				DB043C6E20C6311300444BD2 /* Base */,
			);
			name = Main.storyboard;
			sourceTree = "<group>";
		};
		DB043C7220C6312800444BD2 /* LaunchScreen.storyboard */ = {
			isa = PBXVariantGroup;
			children = (
				DB043C7320C6312800444BD2 /* Base */,
			);
			name = LaunchScreen.storyboard;
			sourceTree = "<group>";
		};
/* End PBXVariantGroup section */

/* Begin XCBuildConfiguration section */
		DB043C7620C6312800444BD2 /* Debug */ = {
			isa = XCBuildConfiguration;
			buildSettings = {
				ALWAYS_SEARCH_USER_PATHS = NO;
				CLANG_ANALYZER_NONNULL = YES;
				CLANG_ANALYZER_NUMBER_OBJECT_CONVERSION = YES_AGGRESSIVE;
				CLANG_CXX_LANGUAGE_STANDARD = "gnu++14";
				CLANG_CXX_LIBRARY = "libc++";
				CLANG_ENABLE_MODULES = YES;
				CLANG_ENABLE_OBJC_ARC = YES;
				CLANG_ENABLE_OBJC_WEAK = YES;
				CLANG_WARN_BLOCK_CAPTURE_AUTORELEASING = YES;
				CLANG_WARN_BOOL_CONVERSION = YES;
				CLANG_WARN_COMMA = YES;
				CLANG_WARN_CONSTANT_CONVERSION = YES;
				CLANG_WARN_DEPRECATED_OBJC_IMPLEMENTATIONS = YES;
				CLANG_WARN_DIRECT_OBJC_ISA_USAGE = YES_ERROR;
				CLANG_WARN_DOCUMENTATION_COMMENTS = YES;
				CLANG_WARN_EMPTY_BODY = YES;
				CLANG_WARN_ENUM_CONVERSION = YES;
				CLANG_WARN_INFINITE_RECURSION = YES;
				CLANG_WARN_INT_CONVERSION = YES;
				CLANG_WARN_NON_LITERAL_NULL_CONVERSION = YES;
				CLANG_WARN_OBJC_IMPLICIT_RETAIN_SELF = YES;
				CLANG_WARN_OBJC_LITERAL_CONVERSION = YES;
				CLANG_WARN_OBJC_ROOT_CLASS = YES_ERROR;
				CLANG_WARN_RANGE_LOOP_ANALYSIS = YES;
				CLANG_WARN_STRICT_PROTOTYPES = YES;
				CLANG_WARN_SUSPICIOUS_MOVE = YES;
				CLANG_WARN_UNGUARDED_AVAILABILITY = YES_AGGRESSIVE;
				CLANG_WARN_UNREACHABLE_CODE = YES;
				CLANG_WARN__DUPLICATE_METHOD_MATCH = YES;
				CODE_SIGN_IDENTITY = "iPhone Developer";
				COPY_PHASE_STRIP = NO;
				DEBUG_INFORMATION_FORMAT = dwarf;
				ENABLE_STRICT_OBJC_MSGSEND = YES;
				ENABLE_TESTABILITY = YES;
				GCC_C_LANGUAGE_STANDARD = gnu11;
				GCC_DYNAMIC_NO_PIC = NO;
				GCC_NO_COMMON_BLOCKS = YES;
				GCC_OPTIMIZATION_LEVEL = 0;
				GCC_PREPROCESSOR_DEFINITIONS = (
					"DEBUG=1",
					"$(inherited)",
				);
				GCC_WARN_64_TO_32_BIT_CONVERSION = YES;
				GCC_WARN_ABOUT_RETURN_TYPE = YES_ERROR;
				GCC_WARN_UNDECLARED_SELECTOR = YES;
				GCC_WARN_UNINITIALIZED_AUTOS = YES_AGGRESSIVE;
				GCC_WARN_UNUSED_FUNCTION = YES;
				GCC_WARN_UNUSED_VARIABLE = YES;
				IPHONEOS_DEPLOYMENT_TARGET = 12.0;
				MTL_ENABLE_DEBUG_INFO = INCLUDE_SOURCE;
				ONLY_ACTIVE_ARCH = YES;
				SDKROOT = iphoneos;
				SWIFT_ACTIVE_COMPILATION_CONDITIONS = DEBUG;
				SWIFT_OPTIMIZATION_LEVEL = "-Onone";
			};
			name = Debug;
		};
		DB043C7720C6312800444BD2 /* Release */ = {
			isa = XCBuildConfiguration;
			buildSettings = {
				ALWAYS_SEARCH_USER_PATHS = NO;
				CLANG_ANALYZER_NONNULL = YES;
				CLANG_ANALYZER_NUMBER_OBJECT_CONVERSION = YES_AGGRESSIVE;
				CLANG_CXX_LANGUAGE_STANDARD = "gnu++14";
				CLANG_CXX_LIBRARY = "libc++";
				CLANG_ENABLE_MODULES = YES;
				CLANG_ENABLE_OBJC_ARC = YES;
				CLANG_ENABLE_OBJC_WEAK = YES;
				CLANG_WARN_BLOCK_CAPTURE_AUTORELEASING = YES;
				CLANG_WARN_BOOL_CONVERSION = YES;
				CLANG_WARN_COMMA = YES;
				CLANG_WARN_CONSTANT_CONVERSION = YES;
				CLANG_WARN_DEPRECATED_OBJC_IMPLEMENTATIONS = YES;
				CLANG_WARN_DIRECT_OBJC_ISA_USAGE = YES_ERROR;
				CLANG_WARN_DOCUMENTATION_COMMENTS = YES;
				CLANG_WARN_EMPTY_BODY = YES;
				CLANG_WARN_ENUM_CONVERSION = YES;
				CLANG_WARN_INFINITE_RECURSION = YES;
				CLANG_WARN_INT_CONVERSION = YES;
				CLANG_WARN_NON_LITERAL_NULL_CONVERSION = YES;
				CLANG_WARN_OBJC_IMPLICIT_RETAIN_SELF = YES;
				CLANG_WARN_OBJC_LITERAL_CONVERSION = YES;
				CLANG_WARN_OBJC_ROOT_CLASS = YES_ERROR;
				CLANG_WARN_RANGE_LOOP_ANALYSIS = YES;
				CLANG_WARN_STRICT_PROTOTYPES = YES;
				CLANG_WARN_SUSPICIOUS_MOVE = YES;
				CLANG_WARN_UNGUARDED_AVAILABILITY = YES_AGGRESSIVE;
				CLANG_WARN_UNREACHABLE_CODE = YES;
				CLANG_WARN__DUPLICATE_METHOD_MATCH = YES;
				CODE_SIGN_IDENTITY = "iPhone Developer";
				COPY_PHASE_STRIP = NO;
				DEBUG_INFORMATION_FORMAT = "dwarf-with-dsym";
				ENABLE_NS_ASSERTIONS = NO;
				ENABLE_STRICT_OBJC_MSGSEND = YES;
				GCC_C_LANGUAGE_STANDARD = gnu11;
				GCC_NO_COMMON_BLOCKS = YES;
				GCC_WARN_64_TO_32_BIT_CONVERSION = YES;
				GCC_WARN_ABOUT_RETURN_TYPE = YES_ERROR;
				GCC_WARN_UNDECLARED_SELECTOR = YES;
				GCC_WARN_UNINITIALIZED_AUTOS = YES_AGGRESSIVE;
				GCC_WARN_UNUSED_FUNCTION = YES;
				GCC_WARN_UNUSED_VARIABLE = YES;
				IPHONEOS_DEPLOYMENT_TARGET = 12.0;
				MTL_ENABLE_DEBUG_INFO = NO;
				SDKROOT = iphoneos;
				SWIFT_COMPILATION_MODE = wholemodule;
				SWIFT_OPTIMIZATION_LEVEL = "-O";
				VALIDATE_PRODUCT = YES;
			};
			name = Release;
		};
		DB043C7920C6312800444BD2 /* Debug */ = {
			isa = XCBuildConfiguration;
			buildSettings = {
				ASSETCATALOG_COMPILER_APPICON_NAME = AppIcon;
				CODE_SIGN_STYLE = Automatic;
				INFOPLIST_FILE = SiriShortcuts/Info.plist;
				LD_RUNPATH_SEARCH_PATHS = (
					"$(inherited)",
					"@executable_path/Frameworks",
				);
				PRODUCT_BUNDLE_IDENTIFIER = de.hansknoechel.SiriShortcuts;
				PRODUCT_NAME = "$(TARGET_NAME)";
				SWIFT_VERSION = 4.2;
				TARGETED_DEVICE_FAMILY = "1,2";
			};
			name = Debug;
		};
		DB043C7A20C6312800444BD2 /* Release */ = {
			isa = XCBuildConfiguration;
			buildSettings = {
				ASSETCATALOG_COMPILER_APPICON_NAME = AppIcon;
				CODE_SIGN_STYLE = Automatic;
				INFOPLIST_FILE = SiriShortcuts/Info.plist;
				LD_RUNPATH_SEARCH_PATHS = (
					"$(inherited)",
					"@executable_path/Frameworks",
				);
				PRODUCT_BUNDLE_IDENTIFIER = de.hansknoechel.SiriShortcuts;
				PRODUCT_NAME = "$(TARGET_NAME)";
				SWIFT_VERSION = 4.2;
				TARGETED_DEVICE_FAMILY = "1,2";
			};
			name = Release;
		};
/* End XCBuildConfiguration section */

/* Begin XCConfigurationList section */
		DB043C6120C6311300444BD2 /* Build configuration list for PBXProject "SiriShortcuts" */ = {
			isa = XCConfigurationList;
			buildConfigurations = (
				DB043C7620C6312800444BD2 /* Debug */,
				DB043C7720C6312800444BD2 /* Release */,
			);
			defaultConfigurationIsVisible = 0;
			defaultConfigurationName = Release;
		};
		DB043C7820C6312800444BD2 /* Build configuration list for PBXNativeTarget "SiriShortcuts" */ = {
			isa = XCConfigurationList;
			buildConfigurations = (
				DB043C7920C6312800444BD2 /* Debug */,
				DB043C7A20C6312800444BD2 /* Release */,
			);
			defaultConfigurationIsVisible = 0;
			defaultConfigurationName = Release;
		};
/* End XCConfigurationList section */
	};
	rootObject = DB043C5E20C6311300444BD2 /* Project object */;
}
